
Microsoft Visual Studio Solution File, Format Version 12.00
# Visual Studio Version 16
VisualStudioVersion = 16.0.29613.14
MinimumVisualStudioVersion = 10.0.40219.1
Project("{FAE04EC0-301F-11D3-BF4B-00C04F79EFBC}") = "TestJsonService2", "TestJsonService2\TestJsonService2.csproj", "{F86C4BCF-1A8A-4F4F-BBBF-91D09EAD9658}"
EndProject
Global
	GlobalSection(SolutionConfigurationPlatforms) = preSolution
		Debug|Any CPU = Debug|Any CPU
		Release|Any CPU = Release|Any CPU
	EndGlobalSection
	GlobalSection(ProjectConfigurationPlatforms) = postSolution
		{F86C4BCF-1A8A-4F4F-BBBF-91D09EAD9658}.Debug|Any CPU.ActiveCfg = Debug|Any CPU
		{F86C4BCF-1A8A-4F4F-BBBF-91D09EAD9658}.Debug|Any CPU.Build.0 = Debug|Any CPU
		{F86C4BCF-1A8A-4F4F-BBBF-91D09EAD9658}.Release|Any CPU.ActiveCfg = Release|Any CPU
		{F86C4BCF-1A8A-4F4F-BBBF-91D09EAD9658}.Release|Any CPU.Build.0 = Release|Any CPU
	EndGlobalSection
	GlobalSection(SolutionProperties) = preSolution
		HideSolutionNode = FALSE
	EndGlobalSection
	GlobalSection(ExtensibilityGlobals) = postSolution
		SolutionGuid = {34C3E7D5-F55F-4FC4-B5A6-3C21F6930879}
	EndGlobalSection
EndGlobal
